
Microsoft Visual Studio Solution File, Format Version 12.00
# Visual Studio Version 17
VisualStudioVersion = 17.0.32014.148
MinimumVisualStudioVersion = 10.0.40219.1
Project("{2150E333-8FDC-42A3-9474-1A3956D46DE8}") = "src", "src", "{12A8264C-E9C6-4A6A-838A-BCC800EBCD22}"
EndProject
Project("{9A19103F-16F7-4668-BE54-9A1E7A4F7556}") = "SimpleCRM.UI", "src\SimpleCRM.UI\SimpleCRM.UI.csproj", "{9734BD12-894D-4A0D-8944-4A209236AAFF}"
EndProject
Project("{9A19103F-16F7-4668-BE54-9A1E7A4F7556}") = "SimpleCRM.Domain", "src\SimpleCRM.Domain\SimpleCRM.Domain.csproj", "{E61C108D-7983-4CDA-9572-47A072A3F56E}"
EndProject
Project("{9A19103F-16F7-4668-BE54-9A1E7A4F7556}") = "SimpleCRM.Application", "src\SimpleCRM.Application\SimpleCRM.Application.csproj", "{5E79745B-33A5-405D-AA99-D747822AE5E4}"
EndProject
Project("{9A19103F-16F7-4668-BE54-9A1E7A4F7556}") = "SimpleCRM.Infrastructure", "src\SimpleCRM.Infrastructure\SimpleCRM.Infrastructure.csproj", "{2D1EFF41-1AB1-4452-BCB5-F0C9DD053E63}"
EndProject
Project("{2150E333-8FDC-42A3-9474-1A3956D46DE8}") = "tests", "tests", "{67B937B5-9093-4200-BF42-0495223B19AC}"
EndProject
Project("{FAE04EC0-301F-11D3-BF4B-00C04F79EFBC}") = "SimpleCRM.Tests.Application", "tests\SimpleCRM.Tests.Application\SimpleCRM.Tests.Application.csproj", "{8448F967-0F1D-4B84-9A6F-2E9976C3290E}"
EndProject
Global
	GlobalSection(SolutionConfigurationPlatforms) = preSolution
		Debug|Any CPU = Debug|Any CPU
		Release|Any CPU = Release|Any CPU
	EndGlobalSection
	GlobalSection(ProjectConfigurationPlatforms) = postSolution
		{9734BD12-894D-4A0D-8944-4A209236AAFF}.Debug|Any CPU.ActiveCfg = Debug|Any CPU
		{9734BD12-894D-4A0D-8944-4A209236AAFF}.Debug|Any CPU.Build.0 = Debug|Any CPU
		{9734BD12-894D-4A0D-8944-4A209236AAFF}.Release|Any CPU.ActiveCfg = Release|Any CPU
		{9734BD12-894D-4A0D-8944-4A209236AAFF}.Release|Any CPU.Build.0 = Release|Any CPU
		{E61C108D-7983-4CDA-9572-47A072A3F56E}.Debug|Any CPU.ActiveCfg = Debug|Any CPU
		{E61C108D-7983-4CDA-9572-47A072A3F56E}.Debug|Any CPU.Build.0 = Debug|Any CPU
		{E61C108D-7983-4CDA-9572-47A072A3F56E}.Release|Any CPU.ActiveCfg = Release|Any CPU
		{E61C108D-7983-4CDA-9572-47A072A3F56E}.Release|Any CPU.Build.0 = Release|Any CPU
		{5E79745B-33A5-405D-AA99-D747822AE5E4}.Debug|Any CPU.ActiveCfg = Debug|Any CPU
		{5E79745B-33A5-405D-AA99-D747822AE5E4}.Debug|Any CPU.Build.0 = Debug|Any CPU
		{5E79745B-33A5-405D-AA99-D747822AE5E4}.Release|Any CPU.ActiveCfg = Release|Any CPU
		{5E79745B-33A5-405D-AA99-D747822AE5E4}.Release|Any CPU.Build.0 = Release|Any CPU
		{2D1EFF41-1AB1-4452-BCB5-F0C9DD053E63}.Debug|Any CPU.ActiveCfg = Debug|Any CPU
		{2D1EFF41-1AB1-4452-BCB5-F0C9DD053E63}.Debug|Any CPU.Build.0 = Debug|Any CPU
		{2D1EFF41-1AB1-4452-BCB5-F0C9DD053E63}.Release|Any CPU.ActiveCfg = Release|Any CPU
		{2D1EFF41-1AB1-4452-BCB5-F0C9DD053E63}.Release|Any CPU.Build.0 = Release|Any CPU
		{8448F967-0F1D-4B84-9A6F-2E9976C3290E}.Debug|Any CPU.ActiveCfg = Debug|Any CPU
		{8448F967-0F1D-4B84-9A6F-2E9976C3290E}.Debug|Any CPU.Build.0 = Debug|Any CPU
		{8448F967-0F1D-4B84-9A6F-2E9976C3290E}.Release|Any CPU.ActiveCfg = Release|Any CPU
		{8448F967-0F1D-4B84-9A6F-2E9976C3290E}.Release|Any CPU.Build.0 = Release|Any CPU
	EndGlobalSection
	GlobalSection(SolutionProperties) = preSolution
		HideSolutionNode = FALSE
	EndGlobalSection
	GlobalSection(NestedProjects) = preSolution
		{9734BD12-894D-4A0D-8944-4A209236AAFF} = {12A8264C-E9C6-4A6A-838A-BCC800EBCD22}
		{E61C108D-7983-4CDA-9572-47A072A3F56E} = {12A8264C-E9C6-4A6A-838A-BCC800EBCD22}
		{5E79745B-33A5-405D-AA99-D747822AE5E4} = {12A8264C-E9C6-4A6A-838A-BCC800EBCD22}
		{2D1EFF41-1AB1-4452-BCB5-F0C9DD053E63} = {12A8264C-E9C6-4A6A-838A-BCC800EBCD22}
		{8448F967-0F1D-4B84-9A6F-2E9976C3290E} = {67B937B5-9093-4200-BF42-0495223B19AC}
	EndGlobalSection
	GlobalSection(ExtensibilityGlobals) = postSolution
		SolutionGuid = {D47DB77F-CAF1-4890-8AFD-E2A3E9160F14}
	EndGlobalSection
EndGlobal
